
Microsoft Visual Studio Solution File, Format Version 12.00
# Visual Studio Version 17
VisualStudioVersion = 17.6.33829.357
MinimumVisualStudioVersion = 10.0.40219.1
Project("{FAE04EC0-301F-11D3-BF4B-00C04F79EFBC}") = "GuitarApp", "GuitarApp.csproj", "{305AB492-AB50-4C2E-A749-B19A8A35CDDC}"
EndProject
Global
	GlobalSection(SolutionConfigurationPlatforms) = preSolution
		Debug|Any CPU = Debug|Any CPU
		Release|Any CPU = Release|Any CPU
	EndGlobalSection
	GlobalSection(ProjectConfigurationPlatforms) = postSolution
		{305AB492-AB50-4C2E-A749-B19A8A35CDDC}.Debug|Any CPU.ActiveCfg = Debug|Any CPU
		{305AB492-AB50-4C2E-A749-B19A8A35CDDC}.Debug|Any CPU.Build.0 = Debug|Any CPU
		{305AB492-AB50-4C2E-A749-B19A8A35CDDC}.Release|Any CPU.ActiveCfg = Release|Any CPU
		{305AB492-AB50-4C2E-A749-B19A8A35CDDC}.Release|Any CPU.Build.0 = Release|Any CPU
	EndGlobalSection
	GlobalSection(SolutionProperties) = preSolution
		HideSolutionNode = FALSE
	EndGlobalSection
	GlobalSection(ExtensibilityGlobals) = postSolution
		SolutionGuid = {DD605C65-CC1D-46E7-B137-9FC06C397D56}
	EndGlobalSection
EndGlobal
